
Microsoft Visual Studio Solution File, Format Version 12.00
# Visual Studio Version 16
VisualStudioVersion = 16.0.31729.503
MinimumVisualStudioVersion = 10.0.40219.1
Project("{FAE04EC0-301F-11D3-BF4B-00C04F79EFBC}") = "WebApplication1", "WebApplication1.csproj", "{C36D7134-7086-4502-9A60-7A73E54F209D}"
EndProject
Project("{FAE04EC0-301F-11D3-BF4B-00C04F79EFBC}") = "ClassLibrary2", "..\ClassLibrary2\ClassLibrary2.csproj", "{EBACD4D6-E134-481A-981D-FCB224C5AC47}"
EndProject
Global
	GlobalSection(SolutionConfigurationPlatforms) = preSolution
		Debug|Any CPU = Debug|Any CPU
		Release|Any CPU = Release|Any CPU
	EndGlobalSection
	GlobalSection(ProjectConfigurationPlatforms) = postSolution
		{C36D7134-7086-4502-9A60-7A73E54F209D}.Debug|Any CPU.ActiveCfg = Debug|Any CPU
		{C36D7134-7086-4502-9A60-7A73E54F209D}.Debug|Any CPU.Build.0 = Debug|Any CPU
		{C36D7134-7086-4502-9A60-7A73E54F209D}.Release|Any CPU.ActiveCfg = Release|Any CPU
		{C36D7134-7086-4502-9A60-7A73E54F209D}.Release|Any CPU.Build.0 = Release|Any CPU
		{EBACD4D6-E134-481A-981D-FCB224C5AC47}.Debug|Any CPU.ActiveCfg = Debug|Any CPU
		{EBACD4D6-E134-481A-981D-FCB224C5AC47}.Debug|Any CPU.Build.0 = Debug|Any CPU
		{EBACD4D6-E134-481A-981D-FCB224C5AC47}.Release|Any CPU.ActiveCfg = Release|Any CPU
		{EBACD4D6-E134-481A-981D-FCB224C5AC47}.Release|Any CPU.Build.0 = Release|Any CPU
	EndGlobalSection
	GlobalSection(SolutionProperties) = preSolution
		HideSolutionNode = FALSE
	EndGlobalSection
	GlobalSection(ExtensibilityGlobals) = postSolution
		SolutionGuid = {00D643AD-ADFF-4E1D-9DA4-8F21E021F337}
	EndGlobalSection
EndGlobal
